// !$*UTF8*$!
{
	archiveVersion = 1;
	classes = {
	};
	objectVersion = 50;
	objects = {

/* Begin PBXBuildFile section */
		CDAA3039227BBF39003EEC49 /* AppDelegate.swift in Sources */ = {isa = PBXBuildFile; fileRef = CDAA3038227BBF39003EEC49 /* AppDelegate.swift */; };
		CDAA303B227BBF39003EEC49 /* ViewController.swift in Sources */ = {isa = PBXBuildFile; fileRef = CDAA303A227BBF39003EEC49 /* ViewController.swift */; };
		CDAA303E227BBF39003EEC49 /* Main.storyboard in Resources */ = {isa = PBXBuildFile; fileRef = CDAA303C227BBF39003EEC49 /* Main.storyboard */; };
		CDAA3040227BBF3A003EEC49 /* Assets.xcassets in Resources */ = {isa = PBXBuildFile; fileRef = CDAA303F227BBF3A003EEC49 /* Assets.xcassets */; };
		CDAA3043227BBF3A003EEC49 /* LaunchScreen.storyboard in Resources */ = {isa = PBXBuildFile; fileRef = CDAA3041227BBF3A003EEC49 /* LaunchScreen.storyboard */; };
		CDAA304D227BC03F003EEC49 /* FlickrConstants.swift in Sources */ = {isa = PBXBuildFile; fileRef = CDAA304C227BC03F003EEC49 /* FlickrConstants.swift */; };
		CDAA3051227BC0F1003EEC49 /* Photos APIs.swift in Sources */ = {isa = PBXBuildFile; fileRef = CDAA3050227BC0F1003EEC49 /* Photos APIs.swift */; };
		CDAA3054227BC18E003EEC49 /* Photo.swift in Sources */ = {isa = PBXBuildFile; fileRef = CDAA3053227BC18E003EEC49 /* Photo.swift */; };
/* End PBXBuildFile section */

/* Begin PBXFileReference section */
		CDAA3035227BBF39003EEC49 /* FlickrFinder.app */ = {isa = PBXFileReference; explicitFileType = wrapper.application; includeInIndex = 0; path = FlickrFinder.app; sourceTree = BUILT_PRODUCTS_DIR; };
		CDAA3038227BBF39003EEC49 /* AppDelegate.swift */ = {isa = PBXFileReference; lastKnownFileType = sourcecode.swift; path = AppDelegate.swift; sourceTree = "<group>"; };
		CDAA303A227BBF39003EEC49 /* ViewController.swift */ = {isa = PBXFileReference; lastKnownFileType = sourcecode.swift; path = ViewController.swift; sourceTree = "<group>"; };
		CDAA303D227BBF39003EEC49 /* Base */ = {isa = PBXFileReference; lastKnownFileType = file.storyboard; name = Base; path = Base.lproj/Main.storyboard; sourceTree = "<group>"; };
		CDAA303F227BBF3A003EEC49 /* Assets.xcassets */ = {isa = PBXFileReference; lastKnownFileType = folder.assetcatalog; path = Assets.xcassets; sourceTree = "<group>"; };
		CDAA3042227BBF3A003EEC49 /* Base */ = {isa = PBXFileReference; lastKnownFileType = file.storyboard; name = Base; path = Base.lproj/LaunchScreen.storyboard; sourceTree = "<group>"; };
		CDAA3044227BBF3A003EEC49 /* Info.plist */ = {isa = PBXFileReference; lastKnownFileType = text.plist.xml; path = Info.plist; sourceTree = "<group>"; };
		CDAA304C227BC03F003EEC49 /* FlickrConstants.swift */ = {isa = PBXFileReference; lastKnownFileType = sourcecode.swift; path = FlickrConstants.swift; sourceTree = "<group>"; };
		CDAA3050227BC0F1003EEC49 /* Photos APIs.swift */ = {isa = PBXFileReference; lastKnownFileType = sourcecode.swift; path = "Photos APIs.swift"; sourceTree = "<group>"; };
		CDAA3053227BC18E003EEC49 /* Photo.swift */ = {isa = PBXFileReference; lastKnownFileType = sourcecode.swift; path = Photo.swift; sourceTree = "<group>"; };
/* End PBXFileReference section */

/* Begin PBXFrameworksBuildPhase section */
		CDAA3032227BBF39003EEC49 /* Frameworks */ = {
			isa = PBXFrameworksBuildPhase;
			buildActionMask = 2147483647;
			files = (
			);
			runOnlyForDeploymentPostprocessing = 0;
		};
/* End PBXFrameworksBuildPhase section */

/* Begin PBXGroup section */
		CDAA302C227BBF39003EEC49 = {
			isa = PBXGroup;
			children = (
				CDAA3037227BBF39003EEC49 /* FlickrFinder */,
				CDAA3036227BBF39003EEC49 /* Products */,
			);
			sourceTree = "<group>";
		};
		CDAA3036227BBF39003EEC49 /* Products */ = {
			isa = PBXGroup;
			children = (
				CDAA3035227BBF39003EEC49 /* FlickrFinder.app */,
			);
			name = Products;
			sourceTree = "<group>";
		};
		CDAA3037227BBF39003EEC49 /* FlickrFinder */ = {
			isa = PBXGroup;
			children = (
				CDAA304B227BC01E003EEC49 /* Flickr API Methods */,
				CDAA3052227BC183003EEC49 /* Model */,
				CDAA303A227BBF39003EEC49 /* ViewController.swift */,
				CDAA303C227BBF39003EEC49 /* Main.storyboard */,
				CDAA304A227BBF85003EEC49 /* Supporting Files */,
				CDAA3044227BBF3A003EEC49 /* Info.plist */,
			);
			path = FlickrFinder;
			sourceTree = "<group>";
		};
		CDAA304A227BBF85003EEC49 /* Supporting Files */ = {
			isa = PBXGroup;
			children = (
				CDAA3038227BBF39003EEC49 /* AppDelegate.swift */,
				CDAA303F227BBF3A003EEC49 /* Assets.xcassets */,
				CDAA3041227BBF3A003EEC49 /* LaunchScreen.storyboard */,
			);
			path = "Supporting Files";
			sourceTree = "<group>";
		};
		CDAA304B227BC01E003EEC49 /* Flickr API Methods */ = {
			isa = PBXGroup;
			children = (
				CDAA304F227BC065003EEC49 /* Photos */,
				CDAA304E227BC057003EEC49 /* Constants */,
			);
			path = "Flickr API Methods";
			sourceTree = "<group>";
		};
		CDAA304E227BC057003EEC49 /* Constants */ = {
			isa = PBXGroup;
			children = (
				CDAA304C227BC03F003EEC49 /* FlickrConstants.swift */,
			);
			path = Constants;
			sourceTree = "<group>";
		};
		CDAA304F227BC065003EEC49 /* Photos */ = {
			isa = PBXGroup;
			children = (
				CDAA3050227BC0F1003EEC49 /* Photos APIs.swift */,
			);
			path = Photos;
			sourceTree = "<group>";
		};
		CDAA3052227BC183003EEC49 /* Model */ = {
			isa = PBXGroup;
			children = (
				CDAA3053227BC18E003EEC49 /* Photo.swift */,
			);
			path = Model;
			sourceTree = "<group>";
		};
/* End PBXGroup section */

/* Begin PBXNativeTarget section */
		CDAA3034227BBF39003EEC49 /* FlickrFinder */ = {
			isa = PBXNativeTarget;
			buildConfigurationList = CDAA3047227BBF3A003EEC49 /* Build configuration list for PBXNativeTarget "FlickrFinder" */;
			buildPhases = (
				CDAA3031227BBF39003EEC49 /* Sources */,
				CDAA3032227BBF39003EEC49 /* Frameworks */,
				CDAA3033227BBF39003EEC49 /* Resources */,
			);
			buildRules = (
			);
			dependencies = (
			);
			name = FlickrFinder;
			productName = FlickrFinder;
			productReference = CDAA3035227BBF39003EEC49 /* FlickrFinder.app */;
			productType = "com.apple.product-type.application";
		};
/* End PBXNativeTarget section */

/* Begin PBXProject section */
		CDAA302D227BBF39003EEC49 /* Project object */ = {
			isa = PBXProject;
			attributes = {
				LastSwiftUpdateCheck = 1020;
				LastUpgradeCheck = 1020;
				ORGANIZATIONNAME = "Mohamed Mohsen";
				TargetAttributes = {
					CDAA3034227BBF39003EEC49 = {
						CreatedOnToolsVersion = 10.2;
					};
				};
			};
			buildConfigurationList = CDAA3030227BBF39003EEC49 /* Build configuration list for PBXProject "FlickrFinder" */;
			compatibilityVersion = "Xcode 9.3";
			developmentRegion = en;
			hasScannedForEncodings = 0;
			knownRegions = (
				en,
				Base,
			);
			mainGroup = CDAA302C227BBF39003EEC49;
			productRefGroup = CDAA3036227BBF39003EEC49 /* Products */;
			projectDirPath = "";
			projectRoot = "";
			targets = (
				CDAA3034227BBF39003EEC49 /* FlickrFinder */,
			);
		};
/* End PBXProject section */

/* Begin PBXResourcesBuildPhase section */
		CDAA3033227BBF39003EEC49 /* Resources */ = {
			isa = PBXResourcesBuildPhase;
			buildActionMask = 2147483647;
			files = (
				CDAA3043227BBF3A003EEC49 /* LaunchScreen.storyboard in Resources */,
				CDAA3040227BBF3A003EEC49 /* Assets.xcassets in Resources */,
				CDAA303E227BBF39003EEC49 /* Main.storyboard in Resources */,
			);
			runOnlyForDeploymentPostprocessing = 0;
		};
/* End PBXResourcesBuildPhase section */

/* Begin PBXSourcesBuildPhase section */
		CDAA3031227BBF39003EEC49 /* Sources */ = {
			isa = PBXSourcesBuildPhase;
			buildActionMask = 2147483647;
			files = (
				CDAA3051227BC0F1003EEC49 /* Photos APIs.swift in Sources */,
				CDAA303B227BBF39003EEC49 /* ViewController.swift in Sources */,
				CDAA304D227BC03F003EEC49 /* FlickrConstants.swift in Sources */,
				CDAA3039227BBF39003EEC49 /* AppDelegate.swift in Sources */,
				CDAA3054227BC18E003EEC49 /* Photo.swift in Sources */,
			);
			runOnlyForDeploymentPostprocessing = 0;
		};
/* End PBXSourcesBuildPhase section */

/* Begin PBXVariantGroup section */
		CDAA303C227BBF39003EEC49 /* Main.storyboard */ = {
			isa = PBXVariantGroup;
			children = (
				CDAA303D227BBF39003EEC49 /* Base */,
			);
			name = Main.storyboard;
			sourceTree = "<group>";
		};
		CDAA3041227BBF3A003EEC49 /* LaunchScreen.storyboard */ = {
			isa = PBXVariantGroup;
			children = (
				CDAA3042227BBF3A003EEC49 /* Base */,
			);
			name = LaunchScreen.storyboard;
			sourceTree = "<group>";
		};
/* End PBXVariantGroup section */

/* Begin XCBuildConfiguration section */
		CDAA3045227BBF3A003EEC49 /* Debug */ = {
			isa = XCBuildConfiguration;
			buildSettings = {
				ALWAYS_SEARCH_USER_PATHS = NO;
				CLANG_ANALYZER_NONNULL = YES;
				CLANG_ANALYZER_NUMBER_OBJECT_CONVERSION = YES_AGGRESSIVE;
				CLANG_CXX_LANGUAGE_STANDARD = "gnu++14";
				CLANG_CXX_LIBRARY = "libc++";
				CLANG_ENABLE_MODULES = YES;
				CLANG_ENABLE_OBJC_ARC = YES;
				CLANG_ENABLE_OBJC_WEAK = YES;
				CLANG_WARN_BLOCK_CAPTURE_AUTORELEASING = YES;
				CLANG_WARN_BOOL_CONVERSION = YES;
				CLANG_WARN_COMMA = YES;
				CLANG_WARN_CONSTANT_CONVERSION = YES;
				CLANG_WARN_DEPRECATED_OBJC_IMPLEMENTATIONS = YES;
				CLANG_WARN_DIRECT_OBJC_ISA_USAGE = YES_ERROR;
				CLANG_WARN_DOCUMENTATION_COMMENTS = YES;
				CLANG_WARN_EMPTY_BODY = YES;
				CLANG_WARN_ENUM_CONVERSION = YES;
				CLANG_WARN_INFINITE_RECURSION = YES;
				CLANG_WARN_INT_CONVERSION = YES;
				CLANG_WARN_NON_LITERAL_NULL_CONVERSION = YES;
				CLANG_WARN_OBJC_IMPLICIT_RETAIN_SELF = YES;
				CLANG_WARN_OBJC_LITERAL_CONVERSION = YES;
				CLANG_WARN_OBJC_ROOT_CLASS = YES_ERROR;
				CLANG_WARN_RANGE_LOOP_ANALYSIS = YES;
				CLANG_WARN_STRICT_PROTOTYPES = YES;
				CLANG_WARN_SUSPICIOUS_MOVE = YES;
				CLANG_WARN_UNGUARDED_AVAILABILITY = YES_AGGRESSIVE;
				CLANG_WARN_UNREACHABLE_CODE = YES;
				CLANG_WARN__DUPLICATE_METHOD_MATCH = YES;
				CODE_SIGN_IDENTITY = "iPhone Developer";
				COPY_PHASE_STRIP = NO;
				DEBUG_INFORMATION_FORMAT = dwarf;
				ENABLE_STRICT_OBJC_MSGSEND = YES;
				ENABLE_TESTABILITY = YES;
				GCC_C_LANGUAGE_STANDARD = gnu11;
				GCC_DYNAMIC_NO_PIC = NO;
				GCC_NO_COMMON_BLOCKS = YES;
				GCC_OPTIMIZATION_LEVEL = 0;
				GCC_PREPROCESSOR_DEFINITIONS = (
					"DEBUG=1",
					"$(inherited)",
				);
				GCC_WARN_64_TO_32_BIT_CONVERSION = YES;
				GCC_WARN_ABOUT_RETURN_TYPE = YES_ERROR;
				GCC_WARN_UNDECLARED_SELECTOR = YES;
				GCC_WARN_UNINITIALIZED_AUTOS = YES_AGGRESSIVE;
				GCC_WARN_UNUSED_FUNCTION = YES;
				GCC_WARN_UNUSED_VARIABLE = YES;
				IPHONEOS_DEPLOYMENT_TARGET = 12.2;
				MTL_ENABLE_DEBUG_INFO = INCLUDE_SOURCE;
				MTL_FAST_MATH = YES;
				ONLY_ACTIVE_ARCH = YES;
				SDKROOT = iphoneos;
				SWIFT_ACTIVE_COMPILATION_CONDITIONS = DEBUG;
				SWIFT_OPTIMIZATION_LEVEL = "-Onone";
			};
			name = Debug;
		};
		CDAA3046227BBF3A003EEC49 /* Release */ = {
			isa = XCBuildConfiguration;
			buildSettings = {
				ALWAYS_SEARCH_USER_PATHS = NO;
				CLANG_ANALYZER_NONNULL = YES;
				CLANG_ANALYZER_NUMBER_OBJECT_CONVERSION = YES_AGGRESSIVE;
				CLANG_CXX_LANGUAGE_STANDARD = "gnu++14";
				CLANG_CXX_LIBRARY = "libc++";
				CLANG_ENABLE_MODULES = YES;
				CLANG_ENABLE_OBJC_ARC = YES;
				CLANG_ENABLE_OBJC_WEAK = YES;
				CLANG_WARN_BLOCK_CAPTURE_AUTORELEASING = YES;
				CLANG_WARN_BOOL_CONVERSION = YES;
				CLANG_WARN_COMMA = YES;
				CLANG_WARN_CONSTANT_CONVERSION = YES;
				CLANG_WARN_DEPRECATED_OBJC_IMPLEMENTATIONS = YES;
				CLANG_WARN_DIRECT_OBJC_ISA_USAGE = YES_ERROR;
				CLANG_WARN_DOCUMENTATION_COMMENTS = YES;
				CLANG_WARN_EMPTY_BODY = YES;
				CLANG_WARN_ENUM_CONVERSION = YES;
				CLANG_WARN_INFINITE_RECURSION = YES;
				CLANG_WARN_INT_CONVERSION = YES;
				CLANG_WARN_NON_LITERAL_NULL_CONVERSION = YES;
				CLANG_WARN_OBJC_IMPLICIT_RETAIN_SELF = YES;
				CLANG_WARN_OBJC_LITERAL_CONVERSION = YES;
				CLANG_WARN_OBJC_ROOT_CLASS = YES_ERROR;
				CLANG_WARN_RANGE_LOOP_ANALYSIS = YES;
				CLANG_WARN_STRICT_PROTOTYPES = YES;
				CLANG_WARN_SUSPICIOUS_MOVE = YES;
				CLANG_WARN_UNGUARDED_AVAILABILITY = YES_AGGRESSIVE;
				CLANG_WARN_UNREACHABLE_CODE = YES;
				CLANG_WARN__DUPLICATE_METHOD_MATCH = YES;
				CODE_SIGN_IDENTITY = "iPhone Developer";
				COPY_PHASE_STRIP = NO;
				DEBUG_INFORMATION_FORMAT = "dwarf-with-dsym";
				ENABLE_NS_ASSERTIONS = NO;
				ENABLE_STRICT_OBJC_MSGSEND = YES;
				GCC_C_LANGUAGE_STANDARD = gnu11;
				GCC_NO_COMMON_BLOCKS = YES;
				GCC_WARN_64_TO_32_BIT_CONVERSION = YES;
				GCC_WARN_ABOUT_RETURN_TYPE = YES_ERROR;
				GCC_WARN_UNDECLARED_SELECTOR = YES;
				GCC_WARN_UNINITIALIZED_AUTOS = YES_AGGRESSIVE;
				GCC_WARN_UNUSED_FUNCTION = YES;
				GCC_WARN_UNUSED_VARIABLE = YES;
				IPHONEOS_DEPLOYMENT_TARGET = 12.2;
				MTL_ENABLE_DEBUG_INFO = NO;
				MTL_FAST_MATH = YES;
				SDKROOT = iphoneos;
				SWIFT_COMPILATION_MODE = wholemodule;
				SWIFT_OPTIMIZATION_LEVEL = "-O";
				VALIDATE_PRODUCT = YES;
			};
			name = Release;
		};
		CDAA3048227BBF3A003EEC49 /* Debug */ = {
			isa = XCBuildConfiguration;
			buildSettings = {
				ASSETCATALOG_COMPILER_APPICON_NAME = AppIcon;
				CODE_SIGN_STYLE = Automatic;
				DEVELOPMENT_TEAM = M93KQ55W7F;
				INFOPLIST_FILE = FlickrFinder/Info.plist;
				LD_RUNPATH_SEARCH_PATHS = (
					"$(inherited)",
					"@executable_path/Frameworks",
				);
				PRODUCT_BUNDLE_IDENTIFIER = "Mohamed.Ebrahim.Mohsen-gmail.com.FlickrFinder";
				PRODUCT_NAME = "$(TARGET_NAME)";
				SWIFT_VERSION = 5.0;
				TARGETED_DEVICE_FAMILY = "1,2";
			};
			name = Debug;
		};
		CDAA3049227BBF3A003EEC49 /* Release */ = {
			isa = XCBuildConfiguration;
			buildSettings = {
				ASSETCATALOG_COMPILER_APPICON_NAME = AppIcon;
				CODE_SIGN_STYLE = Automatic;
				DEVELOPMENT_TEAM = M93KQ55W7F;
				INFOPLIST_FILE = FlickrFinder/Info.plist;
				LD_RUNPATH_SEARCH_PATHS = (
					"$(inherited)",
					"@executable_path/Frameworks",
				);
				PRODUCT_BUNDLE_IDENTIFIER = "Mohamed.Ebrahim.Mohsen-gmail.com.FlickrFinder";
				PRODUCT_NAME = "$(TARGET_NAME)";
				SWIFT_VERSION = 5.0;
				TARGETED_DEVICE_FAMILY = "1,2";
			};
			name = Release;
		};
/* End XCBuildConfiguration section */

/* Begin XCConfigurationList section */
		CDAA3030227BBF39003EEC49 /* Build configuration list for PBXProject "FlickrFinder" */ = {
			isa = XCConfigurationList;
			buildConfigurations = (
				CDAA3045227BBF3A003EEC49 /* Debug */,
				CDAA3046227BBF3A003EEC49 /* Release */,
			);
			defaultConfigurationIsVisible = 0;
			defaultConfigurationName = Release;
		};
		CDAA3047227BBF3A003EEC49 /* Build configuration list for PBXNativeTarget "FlickrFinder" */ = {
			isa = XCConfigurationList;
			buildConfigurations = (
				CDAA3048227BBF3A003EEC49 /* Debug */,
				CDAA3049227BBF3A003EEC49 /* Release */,
			);
			defaultConfigurationIsVisible = 0;
			defaultConfigurationName = Release;
		};
/* End XCConfigurationList section */
	};
	rootObject = CDAA302D227BBF39003EEC49 /* Project object */;
}
